
Microsoft Visual Studio Solution File, Format Version 12.00
# Visual Studio Version 17
VisualStudioVersion = 17.1.32421.90
MinimumVisualStudioVersion = 10.0.40219.1
Project("{FAE04EC0-301F-11D3-BF4B-00C04F79EFBC}") = "Main-metodenOgArgs", "Main-metodenOgArgs.csproj", "{195A58D8-113F-4642-9F5D-4A3260EB296D}"
EndProject
Global
	GlobalSection(SolutionConfigurationPlatforms) = preSolution
		Debug|Any CPU = Debug|Any CPU
		Release|Any CPU = Release|Any CPU
	EndGlobalSection
	GlobalSection(ProjectConfigurationPlatforms) = postSolution
		{195A58D8-113F-4642-9F5D-4A3260EB296D}.Debug|Any CPU.ActiveCfg = Debug|Any CPU
		{195A58D8-113F-4642-9F5D-4A3260EB296D}.Debug|Any CPU.Build.0 = Debug|Any CPU
		{195A58D8-113F-4642-9F5D-4A3260EB296D}.Release|Any CPU.ActiveCfg = Release|Any CPU
		{195A58D8-113F-4642-9F5D-4A3260EB296D}.Release|Any CPU.Build.0 = Release|Any CPU
	EndGlobalSection
	GlobalSection(SolutionProperties) = preSolution
		HideSolutionNode = FALSE
	EndGlobalSection
	GlobalSection(ExtensibilityGlobals) = postSolution
		SolutionGuid = {DF4402F1-7308-469C-99D2-4FD6543A5E2A}
	EndGlobalSection
EndGlobal
