
Microsoft Visual Studio Solution File, Format Version 12.00
# Visual Studio Version 17
VisualStudioVersion = 17.1.32421.90
MinimumVisualStudioVersion = 10.0.40219.1
Project("{FAE04EC0-301F-11D3-BF4B-00C04F79EFBC}") = "Krokodillespillet", "Krokodillespillet.csproj", "{622811C3-C338-4DEA-8A83-479FEA453DF6}"
EndProject
Global
	GlobalSection(SolutionConfigurationPlatforms) = preSolution
		Debug|Any CPU = Debug|Any CPU
		Release|Any CPU = Release|Any CPU
	EndGlobalSection
	GlobalSection(ProjectConfigurationPlatforms) = postSolution
		{622811C3-C338-4DEA-8A83-479FEA453DF6}.Debug|Any CPU.ActiveCfg = Debug|Any CPU
		{622811C3-C338-4DEA-8A83-479FEA453DF6}.Debug|Any CPU.Build.0 = Debug|Any CPU
		{622811C3-C338-4DEA-8A83-479FEA453DF6}.Release|Any CPU.ActiveCfg = Release|Any CPU
		{622811C3-C338-4DEA-8A83-479FEA453DF6}.Release|Any CPU.Build.0 = Release|Any CPU
	EndGlobalSection
	GlobalSection(SolutionProperties) = preSolution
		HideSolutionNode = FALSE
	EndGlobalSection
	GlobalSection(ExtensibilityGlobals) = postSolution
		SolutionGuid = {49E29C40-5A11-4765-8E80-F649A762FB2D}
	EndGlobalSection
EndGlobal
